// !$*UTF8*$!
{
	archiveVersion = 1;
	classes = {
	};
	objectVersion = 50;
	objects = {

/* Begin PBXBuildFile section */
		3D0912E3227DBB3B30DE3EF0 /* Pods_loginphp.framework in Frameworks */ = {isa = PBXBuildFile; fileRef = B5FBD4BFC798A7C9AB3B4AE1 /* Pods_loginphp.framework */; };
		65E3A4F7260DEC380096259E /* AppDelegate.swift in Sources */ = {isa = PBXBuildFile; fileRef = 65E3A4F6260DEC380096259E /* AppDelegate.swift */; };
		65E3A4F9260DEC380096259E /* SceneDelegate.swift in Sources */ = {isa = PBXBuildFile; fileRef = 65E3A4F8260DEC380096259E /* SceneDelegate.swift */; };
		65E3A4FB260DEC380096259E /* ViewController.swift in Sources */ = {isa = PBXBuildFile; fileRef = 65E3A4FA260DEC380096259E /* ViewController.swift */; };
		65E3A4FE260DEC380096259E /* Main.storyboard in Resources */ = {isa = PBXBuildFile; fileRef = 65E3A4FC260DEC380096259E /* Main.storyboard */; };
		65E3A500260DEC440096259E /* Assets.xcassets in Resources */ = {isa = PBXBuildFile; fileRef = 65E3A4FF260DEC440096259E /* Assets.xcassets */; };
		65E3A503260DEC440096259E /* LaunchScreen.storyboard in Resources */ = {isa = PBXBuildFile; fileRef = 65E3A501260DEC440096259E /* LaunchScreen.storyboard */; };
		65E3A50C260DEE140096259E /* ProfileViewController.swift in Sources */ = {isa = PBXBuildFile; fileRef = 65E3A50B260DEE140096259E /* ProfileViewController.swift */; };
/* End PBXBuildFile section */

/* Begin PBXFileReference section */
		65E3A4F3260DEC380096259E /* loginphp.app */ = {isa = PBXFileReference; explicitFileType = wrapper.application; includeInIndex = 0; path = loginphp.app; sourceTree = BUILT_PRODUCTS_DIR; };
		65E3A4F6260DEC380096259E /* AppDelegate.swift */ = {isa = PBXFileReference; lastKnownFileType = sourcecode.swift; path = AppDelegate.swift; sourceTree = "<group>"; };
		65E3A4F8260DEC380096259E /* SceneDelegate.swift */ = {isa = PBXFileReference; lastKnownFileType = sourcecode.swift; path = SceneDelegate.swift; sourceTree = "<group>"; };
		65E3A4FA260DEC380096259E /* ViewController.swift */ = {isa = PBXFileReference; lastKnownFileType = sourcecode.swift; path = ViewController.swift; sourceTree = "<group>"; };
		65E3A4FD260DEC380096259E /* Base */ = {isa = PBXFileReference; lastKnownFileType = file.storyboard; name = Base; path = Base.lproj/Main.storyboard; sourceTree = "<group>"; };
		65E3A4FF260DEC440096259E /* Assets.xcassets */ = {isa = PBXFileReference; lastKnownFileType = folder.assetcatalog; path = Assets.xcassets; sourceTree = "<group>"; };
		65E3A502260DEC440096259E /* Base */ = {isa = PBXFileReference; lastKnownFileType = file.storyboard; name = Base; path = Base.lproj/LaunchScreen.storyboard; sourceTree = "<group>"; };
		65E3A504260DEC440096259E /* Info.plist */ = {isa = PBXFileReference; lastKnownFileType = text.plist.xml; path = Info.plist; sourceTree = "<group>"; };
		65E3A50B260DEE140096259E /* ProfileViewController.swift */ = {isa = PBXFileReference; lastKnownFileType = sourcecode.swift; path = ProfileViewController.swift; sourceTree = "<group>"; };
		AE43FB921847FD28D572A23D /* Pods-loginphp.debug.xcconfig */ = {isa = PBXFileReference; includeInIndex = 1; lastKnownFileType = text.xcconfig; name = "Pods-loginphp.debug.xcconfig"; path = "Target Support Files/Pods-loginphp/Pods-loginphp.debug.xcconfig"; sourceTree = "<group>"; };
		B5FBD4BFC798A7C9AB3B4AE1 /* Pods_loginphp.framework */ = {isa = PBXFileReference; explicitFileType = wrapper.framework; includeInIndex = 0; path = Pods_loginphp.framework; sourceTree = BUILT_PRODUCTS_DIR; };
		D7F37E4329033B0C09B047FD /* Pods-loginphp.release.xcconfig */ = {isa = PBXFileReference; includeInIndex = 1; lastKnownFileType = text.xcconfig; name = "Pods-loginphp.release.xcconfig"; path = "Target Support Files/Pods-loginphp/Pods-loginphp.release.xcconfig"; sourceTree = "<group>"; };
/* End PBXFileReference section */

/* Begin PBXFrameworksBuildPhase section */
		65E3A4F0260DEC380096259E /* Frameworks */ = {
			isa = PBXFrameworksBuildPhase;
			buildActionMask = 2147483647;
			files = (
				3D0912E3227DBB3B30DE3EF0 /* Pods_loginphp.framework in Frameworks */,
			);
			runOnlyForDeploymentPostprocessing = 0;
		};
/* End PBXFrameworksBuildPhase section */

/* Begin PBXGroup section */
		65E3A4EA260DEC370096259E = {
			isa = PBXGroup;
			children = (
				65E3A4F5260DEC380096259E /* loginphp */,
				65E3A4F4260DEC380096259E /* Products */,
				F538EF7C8600E13B88926604 /* Pods */,
				F0A518969C42A9EB96FA035E /* Frameworks */,
			);
			sourceTree = "<group>";
		};
		65E3A4F4260DEC380096259E /* Products */ = {
			isa = PBXGroup;
			children = (
				65E3A4F3260DEC380096259E /* loginphp.app */,
			);
			name = Products;
			sourceTree = "<group>";
		};
		65E3A4F5260DEC380096259E /* loginphp */ = {
			isa = PBXGroup;
			children = (
				65E3A4F6260DEC380096259E /* AppDelegate.swift */,
				65E3A4F8260DEC380096259E /* SceneDelegate.swift */,
				65E3A4FA260DEC380096259E /* ViewController.swift */,
				65E3A50B260DEE140096259E /* ProfileViewController.swift */,
				65E3A4FC260DEC380096259E /* Main.storyboard */,
				65E3A4FF260DEC440096259E /* Assets.xcassets */,
				65E3A501260DEC440096259E /* LaunchScreen.storyboard */,
				65E3A504260DEC440096259E /* Info.plist */,
			);
			path = loginphp;
			sourceTree = "<group>";
		};
		F0A518969C42A9EB96FA035E /* Frameworks */ = {
			isa = PBXGroup;
			children = (
				B5FBD4BFC798A7C9AB3B4AE1 /* Pods_loginphp.framework */,
			);
			name = Frameworks;
			sourceTree = "<group>";
		};
		F538EF7C8600E13B88926604 /* Pods */ = {
			isa = PBXGroup;
			children = (
				AE43FB921847FD28D572A23D /* Pods-loginphp.debug.xcconfig */,
				D7F37E4329033B0C09B047FD /* Pods-loginphp.release.xcconfig */,
			);
			name = Pods;
			path = Pods;
			sourceTree = "<group>";
		};
/* End PBXGroup section */

/* Begin PBXNativeTarget section */
		65E3A4F2260DEC380096259E /* loginphp */ = {
			isa = PBXNativeTarget;
			buildConfigurationList = 65E3A507260DEC440096259E /* Build configuration list for PBXNativeTarget "loginphp" */;
			buildPhases = (
				EB6A46595B9A2B8914FD6E3D /* [CP] Check Pods Manifest.lock */,
				65E3A4EF260DEC380096259E /* Sources */,
				65E3A4F0260DEC380096259E /* Frameworks */,
				65E3A4F1260DEC380096259E /* Resources */,
				6FE171079545A5816C3BEA35 /* [CP] Embed Pods Frameworks */,
			);
			buildRules = (
			);
			dependencies = (
			);
			name = loginphp;
			productName = loginphp;
			productReference = 65E3A4F3260DEC380096259E /* loginphp.app */;
			productType = "com.apple.product-type.application";
		};
/* End PBXNativeTarget section */

/* Begin PBXProject section */
		65E3A4EB260DEC370096259E /* Project object */ = {
			isa = PBXProject;
			attributes = {
				LastSwiftUpdateCheck = 1240;
				LastUpgradeCheck = 1240;
				TargetAttributes = {
					65E3A4F2260DEC380096259E = {
						CreatedOnToolsVersion = 12.4;
					};
				};
			};
			buildConfigurationList = 65E3A4EE260DEC380096259E /* Build configuration list for PBXProject "loginphp" */;
			compatibilityVersion = "Xcode 9.3";
			developmentRegion = en;
			hasScannedForEncodings = 0;
			knownRegions = (
				en,
				Base,
			);
			mainGroup = 65E3A4EA260DEC370096259E;
			productRefGroup = 65E3A4F4260DEC380096259E /* Products */;
			projectDirPath = "";
			projectRoot = "";
			targets = (
				65E3A4F2260DEC380096259E /* loginphp */,
			);
		};
/* End PBXProject section */

/* Begin PBXResourcesBuildPhase section */
		65E3A4F1260DEC380096259E /* Resources */ = {
			isa = PBXResourcesBuildPhase;
			buildActionMask = 2147483647;
			files = (
				65E3A503260DEC440096259E /* LaunchScreen.storyboard in Resources */,
				65E3A500260DEC440096259E /* Assets.xcassets in Resources */,
				65E3A4FE260DEC380096259E /* Main.storyboard in Resources */,
			);
			runOnlyForDeploymentPostprocessing = 0;
		};
/* End PBXResourcesBuildPhase section */

/* Begin PBXShellScriptBuildPhase section */
		6FE171079545A5816C3BEA35 /* [CP] Embed Pods Frameworks */ = {
			isa = PBXShellScriptBuildPhase;
			buildActionMask = 2147483647;
			files = (
			);
			inputFileListPaths = (
				"${PODS_ROOT}/Target Support Files/Pods-loginphp/Pods-loginphp-frameworks-${CONFIGURATION}-input-files.xcfilelist",
			);
			name = "[CP] Embed Pods Frameworks";
			outputFileListPaths = (
				"${PODS_ROOT}/Target Support Files/Pods-loginphp/Pods-loginphp-frameworks-${CONFIGURATION}-output-files.xcfilelist",
			);
			runOnlyForDeploymentPostprocessing = 0;
			shellPath = /bin/sh;
			shellScript = "\"${PODS_ROOT}/Target Support Files/Pods-loginphp/Pods-loginphp-frameworks.sh\"\n";
			showEnvVarsInLog = 0;
		};
		EB6A46595B9A2B8914FD6E3D /* [CP] Check Pods Manifest.lock */ = {
			isa = PBXShellScriptBuildPhase;
			buildActionMask = 2147483647;
			files = (
			);
			inputFileListPaths = (
			);
			inputPaths = (
				"${PODS_PODFILE_DIR_PATH}/Podfile.lock",
				"${PODS_ROOT}/Manifest.lock",
			);
			name = "[CP] Check Pods Manifest.lock";
			outputFileListPaths = (
			);
			outputPaths = (
				"$(DERIVED_FILE_DIR)/Pods-loginphp-checkManifestLockResult.txt",
			);
			runOnlyForDeploymentPostprocessing = 0;
			shellPath = /bin/sh;
			shellScript = "diff \"${PODS_PODFILE_DIR_PATH}/Podfile.lock\" \"${PODS_ROOT}/Manifest.lock\" > /dev/null\nif [ $? != 0 ] ; then\n    # print error to STDERR\n    echo \"error: The sandbox is not in sync with the Podfile.lock. Run 'pod install' or update your CocoaPods installation.\" >&2\n    exit 1\nfi\n# This output is used by Xcode 'outputs' to avoid re-running this script phase.\necho \"SUCCESS\" > \"${SCRIPT_OUTPUT_FILE_0}\"\n";
			showEnvVarsInLog = 0;
		};
/* End PBXShellScriptBuildPhase section */

/* Begin PBXSourcesBuildPhase section */
		65E3A4EF260DEC380096259E /* Sources */ = {
			isa = PBXSourcesBuildPhase;
			buildActionMask = 2147483647;
			files = (
				65E3A4FB260DEC380096259E /* ViewController.swift in Sources */,
				65E3A4F7260DEC380096259E /* AppDelegate.swift in Sources */,
				65E3A50C260DEE140096259E /* ProfileViewController.swift in Sources */,
				65E3A4F9260DEC380096259E /* SceneDelegate.swift in Sources */,
			);
			runOnlyForDeploymentPostprocessing = 0;
		};
/* End PBXSourcesBuildPhase section */

/* Begin PBXVariantGroup section */
		65E3A4FC260DEC380096259E /* Main.storyboard */ = {
			isa = PBXVariantGroup;
			children = (
				65E3A4FD260DEC380096259E /* Base */,
			);
			name = Main.storyboard;
			sourceTree = "<group>";
		};
		65E3A501260DEC440096259E /* LaunchScreen.storyboard */ = {
			isa = PBXVariantGroup;
			children = (
				65E3A502260DEC440096259E /* Base */,
			);
			name = LaunchScreen.storyboard;
			sourceTree = "<group>";
		};
/* End PBXVariantGroup section */

/* Begin XCBuildConfiguration section */
		65E3A505260DEC440096259E /* Debug */ = {
			isa = XCBuildConfiguration;
			buildSettings = {
				ALWAYS_SEARCH_USER_PATHS = NO;
				CLANG_ANALYZER_NONNULL = YES;
				CLANG_ANALYZER_NUMBER_OBJECT_CONVERSION = YES_AGGRESSIVE;
				CLANG_CXX_LANGUAGE_STANDARD = "gnu++14";
				CLANG_CXX_LIBRARY = "libc++";
				CLANG_ENABLE_MODULES = YES;
				CLANG_ENABLE_OBJC_ARC = YES;
				CLANG_ENABLE_OBJC_WEAK = YES;
				CLANG_WARN_BLOCK_CAPTURE_AUTORELEASING = YES;
				CLANG_WARN_BOOL_CONVERSION = YES;
				CLANG_WARN_COMMA = YES;
				CLANG_WARN_CONSTANT_CONVERSION = YES;
				CLANG_WARN_DEPRECATED_OBJC_IMPLEMENTATIONS = YES;
				CLANG_WARN_DIRECT_OBJC_ISA_USAGE = YES_ERROR;
				CLANG_WARN_DOCUMENTATION_COMMENTS = YES;
				CLANG_WARN_EMPTY_BODY = YES;
				CLANG_WARN_ENUM_CONVERSION = YES;
				CLANG_WARN_INFINITE_RECURSION = YES;
				CLANG_WARN_INT_CONVERSION = YES;
				CLANG_WARN_NON_LITERAL_NULL_CONVERSION = YES;
				CLANG_WARN_OBJC_IMPLICIT_RETAIN_SELF = YES;
				CLANG_WARN_OBJC_LITERAL_CONVERSION = YES;
				CLANG_WARN_OBJC_ROOT_CLASS = YES_ERROR;
				CLANG_WARN_QUOTED_INCLUDE_IN_FRAMEWORK_HEADER = YES;
				CLANG_WARN_RANGE_LOOP_ANALYSIS = YES;
				CLANG_WARN_STRICT_PROTOTYPES = YES;
				CLANG_WARN_SUSPICIOUS_MOVE = YES;
				CLANG_WARN_UNGUARDED_AVAILABILITY = YES_AGGRESSIVE;
				CLANG_WARN_UNREACHABLE_CODE = YES;
				CLANG_WARN__DUPLICATE_METHOD_MATCH = YES;
				COPY_PHASE_STRIP = NO;
				DEBUG_INFORMATION_FORMAT = dwarf;
				ENABLE_STRICT_OBJC_MSGSEND = YES;
				ENABLE_TESTABILITY = YES;
				GCC_C_LANGUAGE_STANDARD = gnu11;
				GCC_DYNAMIC_NO_PIC = NO;
				GCC_NO_COMMON_BLOCKS = YES;
				GCC_OPTIMIZATION_LEVEL = 0;
				GCC_PREPROCESSOR_DEFINITIONS = (
					"DEBUG=1",
					"$(inherited)",
				);
				GCC_WARN_64_TO_32_BIT_CONVERSION = YES;
				GCC_WARN_ABOUT_RETURN_TYPE = YES_ERROR;
				GCC_WARN_UNDECLARED_SELECTOR = YES;
				GCC_WARN_UNINITIALIZED_AUTOS = YES_AGGRESSIVE;
				GCC_WARN_UNUSED_FUNCTION = YES;
				GCC_WARN_UNUSED_VARIABLE = YES;
				IPHONEOS_DEPLOYMENT_TARGET = 14.4;
				MTL_ENABLE_DEBUG_INFO = INCLUDE_SOURCE;
				MTL_FAST_MATH = YES;
				ONLY_ACTIVE_ARCH = YES;
				SDKROOT = iphoneos;
				SWIFT_ACTIVE_COMPILATION_CONDITIONS = DEBUG;
				SWIFT_OPTIMIZATION_LEVEL = "-Onone";
			};
			name = Debug;
		};
		65E3A506260DEC440096259E /* Release */ = {
			isa = XCBuildConfiguration;
			buildSettings = {
				ALWAYS_SEARCH_USER_PATHS = NO;
				CLANG_ANALYZER_NONNULL = YES;
				CLANG_ANALYZER_NUMBER_OBJECT_CONVERSION = YES_AGGRESSIVE;
				CLANG_CXX_LANGUAGE_STANDARD = "gnu++14";
				CLANG_CXX_LIBRARY = "libc++";
				CLANG_ENABLE_MODULES = YES;
				CLANG_ENABLE_OBJC_ARC = YES;
				CLANG_ENABLE_OBJC_WEAK = YES;
				CLANG_WARN_BLOCK_CAPTURE_AUTORELEASING = YES;
				CLANG_WARN_BOOL_CONVERSION = YES;
				CLANG_WARN_COMMA = YES;
				CLANG_WARN_CONSTANT_CONVERSION = YES;
				CLANG_WARN_DEPRECATED_OBJC_IMPLEMENTATIONS = YES;
				CLANG_WARN_DIRECT_OBJC_ISA_USAGE = YES_ERROR;
				CLANG_WARN_DOCUMENTATION_COMMENTS = YES;
				CLANG_WARN_EMPTY_BODY = YES;
				CLANG_WARN_ENUM_CONVERSION = YES;
				CLANG_WARN_INFINITE_RECURSION = YES;
				CLANG_WARN_INT_CONVERSION = YES;
				CLANG_WARN_NON_LITERAL_NULL_CONVERSION = YES;
				CLANG_WARN_OBJC_IMPLICIT_RETAIN_SELF = YES;
				CLANG_WARN_OBJC_LITERAL_CONVERSION = YES;
				CLANG_WARN_OBJC_ROOT_CLASS = YES_ERROR;
				CLANG_WARN_QUOTED_INCLUDE_IN_FRAMEWORK_HEADER = YES;
				CLANG_WARN_RANGE_LOOP_ANALYSIS = YES;
				CLANG_WARN_STRICT_PROTOTYPES = YES;
				CLANG_WARN_SUSPICIOUS_MOVE = YES;
				CLANG_WARN_UNGUARDED_AVAILABILITY = YES_AGGRESSIVE;
				CLANG_WARN_UNREACHABLE_CODE = YES;
				CLANG_WARN__DUPLICATE_METHOD_MATCH = YES;
				COPY_PHASE_STRIP = NO;
				DEBUG_INFORMATION_FORMAT = "dwarf-with-dsym";
				ENABLE_NS_ASSERTIONS = NO;
				ENABLE_STRICT_OBJC_MSGSEND = YES;
				GCC_C_LANGUAGE_STANDARD = gnu11;
				GCC_NO_COMMON_BLOCKS = YES;
				GCC_WARN_64_TO_32_BIT_CONVERSION = YES;
				GCC_WARN_ABOUT_RETURN_TYPE = YES_ERROR;
				GCC_WARN_UNDECLARED_SELECTOR = YES;
				GCC_WARN_UNINITIALIZED_AUTOS = YES_AGGRESSIVE;
				GCC_WARN_UNUSED_FUNCTION = YES;
				GCC_WARN_UNUSED_VARIABLE = YES;
				IPHONEOS_DEPLOYMENT_TARGET = 14.4;
				MTL_ENABLE_DEBUG_INFO = NO;
				MTL_FAST_MATH = YES;
				SDKROOT = iphoneos;
				SWIFT_COMPILATION_MODE = wholemodule;
				SWIFT_OPTIMIZATION_LEVEL = "-O";
				VALIDATE_PRODUCT = YES;
			};
			name = Release;
		};
		65E3A508260DEC440096259E /* Debug */ = {
			isa = XCBuildConfiguration;
			baseConfigurationReference = AE43FB921847FD28D572A23D /* Pods-loginphp.debug.xcconfig */;
			buildSettings = {
				ASSETCATALOG_COMPILER_APPICON_NAME = AppIcon;
				ASSETCATALOG_COMPILER_GLOBAL_ACCENT_COLOR_NAME = AccentColor;
				CODE_SIGN_STYLE = Automatic;
				DEVELOPMENT_TEAM = DU3QDMZ47L;
				INFOPLIST_FILE = loginphp/Info.plist;
				LD_RUNPATH_SEARCH_PATHS = (
					"$(inherited)",
					"@executable_path/Frameworks",
				);
				PRODUCT_BUNDLE_IDENTIFIER = "Aunish-Kewat.loginphp";
				PRODUCT_NAME = "$(TARGET_NAME)";
				SWIFT_VERSION = 5.0;
				TARGETED_DEVICE_FAMILY = "1,2";
			};
			name = Debug;
		};
		65E3A509260DEC440096259E /* Release */ = {
			isa = XCBuildConfiguration;
			baseConfigurationReference = D7F37E4329033B0C09B047FD /* Pods-loginphp.release.xcconfig */;
			buildSettings = {
				ASSETCATALOG_COMPILER_APPICON_NAME = AppIcon;
				ASSETCATALOG_COMPILER_GLOBAL_ACCENT_COLOR_NAME = AccentColor;
				CODE_SIGN_STYLE = Automatic;
				DEVELOPMENT_TEAM = DU3QDMZ47L;
				INFOPLIST_FILE = loginphp/Info.plist;
				LD_RUNPATH_SEARCH_PATHS = (
					"$(inherited)",
					"@executable_path/Frameworks",
				);
				PRODUCT_BUNDLE_IDENTIFIER = "Aunish-Kewat.loginphp";
				PRODUCT_NAME = "$(TARGET_NAME)";
				SWIFT_VERSION = 5.0;
				TARGETED_DEVICE_FAMILY = "1,2";
			};
			name = Release;
		};
/* End XCBuildConfiguration section */

/* Begin XCConfigurationList section */
		65E3A4EE260DEC380096259E /* Build configuration list for PBXProject "loginphp" */ = {
			isa = XCConfigurationList;
			buildConfigurations = (
				65E3A505260DEC440096259E /* Debug */,
				65E3A506260DEC440096259E /* Release */,
			);
			defaultConfigurationIsVisible = 0;
			defaultConfigurationName = Release;
		};
		65E3A507260DEC440096259E /* Build configuration list for PBXNativeTarget "loginphp" */ = {
			isa = XCConfigurationList;
			buildConfigurations = (
				65E3A508260DEC440096259E /* Debug */,
				65E3A509260DEC440096259E /* Release */,
			);
			defaultConfigurationIsVisible = 0;
			defaultConfigurationName = Release;
		};
/* End XCConfigurationList section */
	};
	rootObject = 65E3A4EB260DEC370096259E /* Project object */;
}
